
Microsoft Visual Studio Solution File, Format Version 12.00
# Visual Studio Version 17
VisualStudioVersion = 17.14.36121.58 d17.14
MinimumVisualStudioVersion = 10.0.40219.1
Project("{FAE04EC0-301F-11D3-BF4B-00C04F79EFBC}") = "Business", "Business\Business.csproj", "{6A918E57-483F-412A-9BB3-3108105546FA}"
EndProject
Project("{FAE04EC0-301F-11D3-BF4B-00C04F79EFBC}") = "Repositories", "Repositories\Repositories.csproj", "{0B2845D8-00EA-4562-98FF-2DFE636181C2}"
EndProject
Project("{FAE04EC0-301F-11D3-BF4B-00C04F79EFBC}") = "Service", "Service\Service.csproj", "{69A5F61F-C894-4161-A187-AE2D61982283}"
EndProject
Project("{FAE04EC0-301F-11D3-BF4B-00C04F79EFBC}") = "DTO", "DTO\DTO.csproj", "{B0C2603C-E01B-48DF-82DD-F6981ED6840A}"
EndProject
Project("{FAE04EC0-301F-11D3-BF4B-00C04F79EFBC}") = "API_Hotel", "API_Hotel\API_Hotel.csproj", "{57D98069-CEB5-4477-AC85-0B75D489375B}"
EndProject
Global
	GlobalSection(SolutionConfigurationPlatforms) = preSolution
		Debug|Any CPU = Debug|Any CPU
		Release|Any CPU = Release|Any CPU
	EndGlobalSection
	GlobalSection(ProjectConfigurationPlatforms) = postSolution
		{6A918E57-483F-412A-9BB3-3108105546FA}.Debug|Any CPU.ActiveCfg = Debug|Any CPU
		{6A918E57-483F-412A-9BB3-3108105546FA}.Debug|Any CPU.Build.0 = Debug|Any CPU
		{6A918E57-483F-412A-9BB3-3108105546FA}.Release|Any CPU.ActiveCfg = Release|Any CPU
		{6A918E57-483F-412A-9BB3-3108105546FA}.Release|Any CPU.Build.0 = Release|Any CPU
		{0B2845D8-00EA-4562-98FF-2DFE636181C2}.Debug|Any CPU.ActiveCfg = Debug|Any CPU
		{0B2845D8-00EA-4562-98FF-2DFE636181C2}.Debug|Any CPU.Build.0 = Debug|Any CPU
		{0B2845D8-00EA-4562-98FF-2DFE636181C2}.Release|Any CPU.ActiveCfg = Release|Any CPU
		{0B2845D8-00EA-4562-98FF-2DFE636181C2}.Release|Any CPU.Build.0 = Release|Any CPU
		{69A5F61F-C894-4161-A187-AE2D61982283}.Debug|Any CPU.ActiveCfg = Debug|Any CPU
		{69A5F61F-C894-4161-A187-AE2D61982283}.Debug|Any CPU.Build.0 = Debug|Any CPU
		{69A5F61F-C894-4161-A187-AE2D61982283}.Release|Any CPU.ActiveCfg = Release|Any CPU
		{69A5F61F-C894-4161-A187-AE2D61982283}.Release|Any CPU.Build.0 = Release|Any CPU
		{B0C2603C-E01B-48DF-82DD-F6981ED6840A}.Debug|Any CPU.ActiveCfg = Debug|Any CPU
		{B0C2603C-E01B-48DF-82DD-F6981ED6840A}.Debug|Any CPU.Build.0 = Debug|Any CPU
		{B0C2603C-E01B-48DF-82DD-F6981ED6840A}.Release|Any CPU.ActiveCfg = Release|Any CPU
		{B0C2603C-E01B-48DF-82DD-F6981ED6840A}.Release|Any CPU.Build.0 = Release|Any CPU
		{57D98069-CEB5-4477-AC85-0B75D489375B}.Debug|Any CPU.ActiveCfg = Debug|Any CPU
		{57D98069-CEB5-4477-AC85-0B75D489375B}.Debug|Any CPU.Build.0 = Debug|Any CPU
		{57D98069-CEB5-4477-AC85-0B75D489375B}.Release|Any CPU.ActiveCfg = Release|Any CPU
		{57D98069-CEB5-4477-AC85-0B75D489375B}.Release|Any CPU.Build.0 = Release|Any CPU
	EndGlobalSection
	GlobalSection(SolutionProperties) = preSolution
		HideSolutionNode = FALSE
	EndGlobalSection
	GlobalSection(ExtensibilityGlobals) = postSolution
		SolutionGuid = {97950B87-B89D-4A10-BDC5-009A6C2FBBD0}
	EndGlobalSection
EndGlobal
